
Microsoft Visual Studio Solution File, Format Version 10.00
# Visual C++ Express 2008
Project("{8BC9CEB8-8B4A-11D0-8D11-00A0C91BC942}") = "Deque", "Deque\Deque.vcproj", "{5517F12B-B200-43A8-BF30-874D81D242AD}"
EndProject
Global
	GlobalSection(SolutionConfigurationPlatforms) = preSolution
		Debug|Win32 = Debug|Win32
		Release|Win32 = Release|Win32
	EndGlobalSection
	GlobalSection(ProjectConfigurationPlatforms) = postSolution
		{5517F12B-B200-43A8-BF30-874D81D242AD}.Debug|Win32.ActiveCfg = Debug|Win32
		{5517F12B-B200-43A8-BF30-874D81D242AD}.Debug|Win32.Build.0 = Debug|Win32
		{5517F12B-B200-43A8-BF30-874D81D242AD}.Release|Win32.ActiveCfg = Release|Win32
		{5517F12B-B200-43A8-BF30-874D81D242AD}.Release|Win32.Build.0 = Release|Win32
	EndGlobalSection
	GlobalSection(SolutionProperties) = preSolution
		HideSolutionNode = FALSE
	EndGlobalSection
EndGlobal
