
Microsoft Visual Studio Solution File, Format Version 10.00
# Visual C++ Express 2008
Project("{8BC9CEB8-8B4A-11D0-8D11-00A0C91BC942}") = "linked list two", "linked list two\linked list two.vcproj", "{88DBB93F-20F4-4512-A400-4E76574A45DB}"
EndProject
Global
	GlobalSection(SolutionConfigurationPlatforms) = preSolution
		Debug|Win32 = Debug|Win32
		Release|Win32 = Release|Win32
	EndGlobalSection
	GlobalSection(ProjectConfigurationPlatforms) = postSolution
		{88DBB93F-20F4-4512-A400-4E76574A45DB}.Debug|Win32.ActiveCfg = Debug|Win32
		{88DBB93F-20F4-4512-A400-4E76574A45DB}.Debug|Win32.Build.0 = Debug|Win32
		{88DBB93F-20F4-4512-A400-4E76574A45DB}.Release|Win32.ActiveCfg = Release|Win32
		{88DBB93F-20F4-4512-A400-4E76574A45DB}.Release|Win32.Build.0 = Release|Win32
	EndGlobalSection
	GlobalSection(SolutionProperties) = preSolution
		HideSolutionNode = FALSE
	EndGlobalSection
EndGlobal
