
Microsoft Visual Studio Solution File, Format Version 10.00
# Visual C++ Express 2008
Project("{8BC9CEB8-8B4A-11D0-8D11-00A0C91BC942}") = "sizeofarray", "sizeofarray\sizeofarray.vcproj", "{7E97BF5F-99E9-4490-BAC2-388577D351C7}"
EndProject
Global
	GlobalSection(SolutionConfigurationPlatforms) = preSolution
		Debug|Win32 = Debug|Win32
		Release|Win32 = Release|Win32
	EndGlobalSection
	GlobalSection(ProjectConfigurationPlatforms) = postSolution
		{7E97BF5F-99E9-4490-BAC2-388577D351C7}.Debug|Win32.ActiveCfg = Debug|Win32
		{7E97BF5F-99E9-4490-BAC2-388577D351C7}.Debug|Win32.Build.0 = Debug|Win32
		{7E97BF5F-99E9-4490-BAC2-388577D351C7}.Release|Win32.ActiveCfg = Release|Win32
		{7E97BF5F-99E9-4490-BAC2-388577D351C7}.Release|Win32.Build.0 = Release|Win32
	EndGlobalSection
	GlobalSection(SolutionProperties) = preSolution
		HideSolutionNode = FALSE
	EndGlobalSection
EndGlobal
