
Microsoft Visual Studio Solution File, Format Version 10.00
# Visual C++ Express 2008
Project("{8BC9CEB8-8B4A-11D0-8D11-00A0C91BC942}") = "drunkards_walk", "drunkards_walk\drunkards_walk.vcproj", "{724D2D9C-9F76-4B4D-8637-1B916AE2DDD3}"
EndProject
Global
	GlobalSection(SolutionConfigurationPlatforms) = preSolution
		Debug|Win32 = Debug|Win32
		Release|Win32 = Release|Win32
	EndGlobalSection
	GlobalSection(ProjectConfigurationPlatforms) = postSolution
		{724D2D9C-9F76-4B4D-8637-1B916AE2DDD3}.Debug|Win32.ActiveCfg = Debug|Win32
		{724D2D9C-9F76-4B4D-8637-1B916AE2DDD3}.Debug|Win32.Build.0 = Debug|Win32
		{724D2D9C-9F76-4B4D-8637-1B916AE2DDD3}.Release|Win32.ActiveCfg = Release|Win32
		{724D2D9C-9F76-4B4D-8637-1B916AE2DDD3}.Release|Win32.Build.0 = Release|Win32
	EndGlobalSection
	GlobalSection(SolutionProperties) = preSolution
		HideSolutionNode = FALSE
	EndGlobalSection
EndGlobal
